
Microsoft Visual Studio Solution File, Format Version 12.00
# Visual Studio 15
VisualStudioVersion = 15.0.27130.2010
MinimumVisualStudioVersion = 10.0.40219.1
Project("{FAE04EC0-301F-11D3-BF4B-00C04F79EFBC}") = "Angular2PlayGround", "Angular2PlayGround\Angular2PlayGround.csproj", "{91844A00-963D-418A-BC80-5FEC4AAF169A}"
EndProject
Global
	GlobalSection(SolutionConfigurationPlatforms) = preSolution
		Debug|Any CPU = Debug|Any CPU
		Release|Any CPU = Release|Any CPU
	EndGlobalSection
	GlobalSection(ProjectConfigurationPlatforms) = postSolution
		{91844A00-963D-418A-BC80-5FEC4AAF169A}.Debug|Any CPU.ActiveCfg = Debug|Any CPU
		{91844A00-963D-418A-BC80-5FEC4AAF169A}.Debug|Any CPU.Build.0 = Debug|Any CPU
		{91844A00-963D-418A-BC80-5FEC4AAF169A}.Release|Any CPU.ActiveCfg = Release|Any CPU
		{91844A00-963D-418A-BC80-5FEC4AAF169A}.Release|Any CPU.Build.0 = Release|Any CPU
	EndGlobalSection
	GlobalSection(SolutionProperties) = preSolution
		HideSolutionNode = FALSE
	EndGlobalSection
	GlobalSection(ExtensibilityGlobals) = postSolution
		SolutionGuid = {4CF7E9DB-9FE9-482F-AF28-A1E3BD4C8CFF}
	EndGlobalSection
EndGlobal
